
Microsoft Visual Studio Solution File, Format Version 12.00
# Visual Studio 15
VisualStudioVersion = 15.0.27703.2047
MinimumVisualStudioVersion = 10.0.40219.1
Project("{8BC9CEB8-8B4A-11D0-8D11-00A0C91BC942}") = "Project3", "Project3\Project3.vcxproj", "{E0DD0E0D-8F89-4466-ADEB-657532B1EA3E}"
EndProject
Global
	GlobalSection(SolutionConfigurationPlatforms) = preSolution
		Debug|x64 = Debug|x64
		Debug|x86 = Debug|x86
		Release|x64 = Release|x64
		Release|x86 = Release|x86
	EndGlobalSection
	GlobalSection(ProjectConfigurationPlatforms) = postSolution
		{E0DD0E0D-8F89-4466-ADEB-657532B1EA3E}.Debug|x64.ActiveCfg = Debug|x64
		{E0DD0E0D-8F89-4466-ADEB-657532B1EA3E}.Debug|x64.Build.0 = Debug|x64
		{E0DD0E0D-8F89-4466-ADEB-657532B1EA3E}.Debug|x86.ActiveCfg = Debug|Win32
		{E0DD0E0D-8F89-4466-ADEB-657532B1EA3E}.Debug|x86.Build.0 = Debug|Win32
		{E0DD0E0D-8F89-4466-ADEB-657532B1EA3E}.Release|x64.ActiveCfg = Release|x64
		{E0DD0E0D-8F89-4466-ADEB-657532B1EA3E}.Release|x64.Build.0 = Release|x64
		{E0DD0E0D-8F89-4466-ADEB-657532B1EA3E}.Release|x86.ActiveCfg = Release|Win32
		{E0DD0E0D-8F89-4466-ADEB-657532B1EA3E}.Release|x86.Build.0 = Release|Win32
	EndGlobalSection
	GlobalSection(SolutionProperties) = preSolution
		HideSolutionNode = FALSE
	EndGlobalSection
	GlobalSection(ExtensibilityGlobals) = postSolution
		SolutionGuid = {4B9BC694-7FBC-4B60-AEE2-48E43680EFB3}
	EndGlobalSection
EndGlobal
